// !$*UTF8*$!
{
	archiveVersion = 1;
	classes = {
	};
	objectVersion = 46;
	objects = {

/* Begin PBXBuildFile section */
		230227B51E054FA89B94E9C7 /* Pods_DailyNews.framework in Frameworks */ = {isa = PBXBuildFile; fileRef = F10E5C641F285BF7BE843CD5 /* Pods_DailyNews.framework */; };
		3DB77B55C1CC4258E6C4E999 /* Pods_DailyNewsUITests.framework in Frameworks */ = {isa = PBXBuildFile; fileRef = B208DE5FD594EB5BC8FFF968 /* Pods_DailyNewsUITests.framework */; };
		73743D6D1FC37C3200127BBA /* DetailViewController.swift in Sources */ = {isa = PBXBuildFile; fileRef = 73743D6C1FC37C3200127BBA /* DetailViewController.swift */; };
		73CDF1441FC36682000C2D5E /* AppDelegate.swift in Sources */ = {isa = PBXBuildFile; fileRef = 73CDF1431FC36682000C2D5E /* AppDelegate.swift */; };
		73CDF1461FC36682000C2D5E /* ViewController.swift in Sources */ = {isa = PBXBuildFile; fileRef = 73CDF1451FC36682000C2D5E /* ViewController.swift */; };
		73CDF1491FC36682000C2D5E /* Main.storyboard in Resources */ = {isa = PBXBuildFile; fileRef = 73CDF1471FC36682000C2D5E /* Main.storyboard */; };
		73CDF14B1FC36682000C2D5E /* Assets.xcassets in Resources */ = {isa = PBXBuildFile; fileRef = 73CDF14A1FC36682000C2D5E /* Assets.xcassets */; };
		73CDF14E1FC36682000C2D5E /* LaunchScreen.storyboard in Resources */ = {isa = PBXBuildFile; fileRef = 73CDF14C1FC36682000C2D5E /* LaunchScreen.storyboard */; };
		73CDF1591FC36682000C2D5E /* DailyNewsTests.swift in Sources */ = {isa = PBXBuildFile; fileRef = 73CDF1581FC36682000C2D5E /* DailyNewsTests.swift */; };
		73CDF1641FC36682000C2D5E /* DailyNewsUITests.swift in Sources */ = {isa = PBXBuildFile; fileRef = 73CDF1631FC36682000C2D5E /* DailyNewsUITests.swift */; };
		73CDF1731FC3696B000C2D5E /* DailyNewsCell.swift in Sources */ = {isa = PBXBuildFile; fileRef = 73CDF1721FC3696B000C2D5E /* DailyNewsCell.swift */; };
		73CDF1761FC36B25000C2D5E /* DailyNewsData.swift in Sources */ = {isa = PBXBuildFile; fileRef = 73CDF1751FC36B25000C2D5E /* DailyNewsData.swift */; };
		E0B033C66F8A780C2D0C4245 /* Pods_DailyNewsTests.framework in Frameworks */ = {isa = PBXBuildFile; fileRef = 0E7C935350C22DB2CD8CB9BD /* Pods_DailyNewsTests.framework */; };
/* End PBXBuildFile section */

/* Begin PBXContainerItemProxy section */
		73CDF1551FC36682000C2D5E /* PBXContainerItemProxy */ = {
			isa = PBXContainerItemProxy;
			containerPortal = 73CDF1381FC36682000C2D5E /* Project object */;
			proxyType = 1;
			remoteGlobalIDString = 73CDF13F1FC36682000C2D5E;
			remoteInfo = DailyNews;
		};
		73CDF1601FC36682000C2D5E /* PBXContainerItemProxy */ = {
			isa = PBXContainerItemProxy;
			containerPortal = 73CDF1381FC36682000C2D5E /* Project object */;
			proxyType = 1;
			remoteGlobalIDString = 73CDF13F1FC36682000C2D5E;
			remoteInfo = DailyNews;
		};
/* End PBXContainerItemProxy section */

/* Begin PBXFileReference section */
		0E7C935350C22DB2CD8CB9BD /* Pods_DailyNewsTests.framework */ = {isa = PBXFileReference; explicitFileType = wrapper.framework; includeInIndex = 0; path = Pods_DailyNewsTests.framework; sourceTree = BUILT_PRODUCTS_DIR; };
		4D94121FBE0A2318CA4FF712 /* Pods-DailyNewsTests.debug.xcconfig */ = {isa = PBXFileReference; includeInIndex = 1; lastKnownFileType = text.xcconfig; name = "Pods-DailyNewsTests.debug.xcconfig"; path = "Pods/Target Support Files/Pods-DailyNewsTests/Pods-DailyNewsTests.debug.xcconfig"; sourceTree = "<group>"; };
		550C7B0731FD73E50E113EA5 /* Pods-DailyNewsTests.release.xcconfig */ = {isa = PBXFileReference; includeInIndex = 1; lastKnownFileType = text.xcconfig; name = "Pods-DailyNewsTests.release.xcconfig"; path = "Pods/Target Support Files/Pods-DailyNewsTests/Pods-DailyNewsTests.release.xcconfig"; sourceTree = "<group>"; };
		5BC823AC991A45B344534909 /* Pods-DailyNewsUITests.debug.xcconfig */ = {isa = PBXFileReference; includeInIndex = 1; lastKnownFileType = text.xcconfig; name = "Pods-DailyNewsUITests.debug.xcconfig"; path = "Pods/Target Support Files/Pods-DailyNewsUITests/Pods-DailyNewsUITests.debug.xcconfig"; sourceTree = "<group>"; };
		73743D6C1FC37C3200127BBA /* DetailViewController.swift */ = {isa = PBXFileReference; fileEncoding = 4; lastKnownFileType = sourcecode.swift; path = DetailViewController.swift; sourceTree = "<group>"; };
		73CDF1401FC36682000C2D5E /* DailyNews.app */ = {isa = PBXFileReference; explicitFileType = wrapper.application; includeInIndex = 0; path = DailyNews.app; sourceTree = BUILT_PRODUCTS_DIR; };
		73CDF1431FC36682000C2D5E /* AppDelegate.swift */ = {isa = PBXFileReference; lastKnownFileType = sourcecode.swift; path = AppDelegate.swift; sourceTree = "<group>"; };
		73CDF1451FC36682000C2D5E /* ViewController.swift */ = {isa = PBXFileReference; lastKnownFileType = sourcecode.swift; path = ViewController.swift; sourceTree = "<group>"; };
		73CDF1481FC36682000C2D5E /* Base */ = {isa = PBXFileReference; lastKnownFileType = file.storyboard; name = Base; path = Base.lproj/Main.storyboard; sourceTree = "<group>"; };
		73CDF14A1FC36682000C2D5E /* Assets.xcassets */ = {isa = PBXFileReference; lastKnownFileType = folder.assetcatalog; path = Assets.xcassets; sourceTree = "<group>"; };
		73CDF14D1FC36682000C2D5E /* Base */ = {isa = PBXFileReference; lastKnownFileType = file.storyboard; name = Base; path = Base.lproj/LaunchScreen.storyboard; sourceTree = "<group>"; };
		73CDF14F1FC36682000C2D5E /* Info.plist */ = {isa = PBXFileReference; lastKnownFileType = text.plist.xml; path = Info.plist; sourceTree = "<group>"; };
		73CDF1541FC36682000C2D5E /* DailyNewsTests.xctest */ = {isa = PBXFileReference; explicitFileType = wrapper.cfbundle; includeInIndex = 0; path = DailyNewsTests.xctest; sourceTree = BUILT_PRODUCTS_DIR; };
		73CDF1581FC36682000C2D5E /* DailyNewsTests.swift */ = {isa = PBXFileReference; lastKnownFileType = sourcecode.swift; path = DailyNewsTests.swift; sourceTree = "<group>"; };
		73CDF15A1FC36682000C2D5E /* Info.plist */ = {isa = PBXFileReference; lastKnownFileType = text.plist.xml; path = Info.plist; sourceTree = "<group>"; };
		73CDF15F1FC36682000C2D5E /* DailyNewsUITests.xctest */ = {isa = PBXFileReference; explicitFileType = wrapper.cfbundle; includeInIndex = 0; path = DailyNewsUITests.xctest; sourceTree = BUILT_PRODUCTS_DIR; };
		73CDF1631FC36682000C2D5E /* DailyNewsUITests.swift */ = {isa = PBXFileReference; lastKnownFileType = sourcecode.swift; path = DailyNewsUITests.swift; sourceTree = "<group>"; };
		73CDF1651FC36682000C2D5E /* Info.plist */ = {isa = PBXFileReference; lastKnownFileType = text.plist.xml; path = Info.plist; sourceTree = "<group>"; };
		73CDF1721FC3696B000C2D5E /* DailyNewsCell.swift */ = {isa = PBXFileReference; fileEncoding = 4; lastKnownFileType = sourcecode.swift; path = DailyNewsCell.swift; sourceTree = "<group>"; };
		73CDF1751FC36B25000C2D5E /* DailyNewsData.swift */ = {isa = PBXFileReference; fileEncoding = 4; lastKnownFileType = sourcecode.swift; path = DailyNewsData.swift; sourceTree = "<group>"; };
		7F18B430B087C644D7783E8B /* Pods-DailyNews.debug.xcconfig */ = {isa = PBXFileReference; includeInIndex = 1; lastKnownFileType = text.xcconfig; name = "Pods-DailyNews.debug.xcconfig"; path = "Pods/Target Support Files/Pods-DailyNews/Pods-DailyNews.debug.xcconfig"; sourceTree = "<group>"; };
		9ED5110A8ED606EC73921D7E /* Pods-DailyNews.release.xcconfig */ = {isa = PBXFileReference; includeInIndex = 1; lastKnownFileType = text.xcconfig; name = "Pods-DailyNews.release.xcconfig"; path = "Pods/Target Support Files/Pods-DailyNews/Pods-DailyNews.release.xcconfig"; sourceTree = "<group>"; };
		B208DE5FD594EB5BC8FFF968 /* Pods_DailyNewsUITests.framework */ = {isa = PBXFileReference; explicitFileType = wrapper.framework; includeInIndex = 0; path = Pods_DailyNewsUITests.framework; sourceTree = BUILT_PRODUCTS_DIR; };
		E5B43AAF3B7B2639FCE219A9 /* Pods-DailyNewsUITests.release.xcconfig */ = {isa = PBXFileReference; includeInIndex = 1; lastKnownFileType = text.xcconfig; name = "Pods-DailyNewsUITests.release.xcconfig"; path = "Pods/Target Support Files/Pods-DailyNewsUITests/Pods-DailyNewsUITests.release.xcconfig"; sourceTree = "<group>"; };
		F10E5C641F285BF7BE843CD5 /* Pods_DailyNews.framework */ = {isa = PBXFileReference; explicitFileType = wrapper.framework; includeInIndex = 0; path = Pods_DailyNews.framework; sourceTree = BUILT_PRODUCTS_DIR; };
/* End PBXFileReference section */

/* Begin PBXFrameworksBuildPhase section */
		73CDF13D1FC36682000C2D5E /* Frameworks */ = {
			isa = PBXFrameworksBuildPhase;
			buildActionMask = 2147483647;
			files = (
				230227B51E054FA89B94E9C7 /* Pods_DailyNews.framework in Frameworks */,
			);
			runOnlyForDeploymentPostprocessing = 0;
		};
		73CDF1511FC36682000C2D5E /* Frameworks */ = {
			isa = PBXFrameworksBuildPhase;
			buildActionMask = 2147483647;
			files = (
				E0B033C66F8A780C2D0C4245 /* Pods_DailyNewsTests.framework in Frameworks */,
			);
			runOnlyForDeploymentPostprocessing = 0;
		};
		73CDF15C1FC36682000C2D5E /* Frameworks */ = {
			isa = PBXFrameworksBuildPhase;
			buildActionMask = 2147483647;
			files = (
				3DB77B55C1CC4258E6C4E999 /* Pods_DailyNewsUITests.framework in Frameworks */,
			);
			runOnlyForDeploymentPostprocessing = 0;
		};
/* End PBXFrameworksBuildPhase section */

/* Begin PBXGroup section */
		023AC860D465E6630C15EFCB /* Frameworks */ = {
			isa = PBXGroup;
			children = (
				F10E5C641F285BF7BE843CD5 /* Pods_DailyNews.framework */,
				0E7C935350C22DB2CD8CB9BD /* Pods_DailyNewsTests.framework */,
				B208DE5FD594EB5BC8FFF968 /* Pods_DailyNewsUITests.framework */,
			);
			name = Frameworks;
			sourceTree = "<group>";
		};
		73CDF1371FC36682000C2D5E = {
			isa = PBXGroup;
			children = (
				73CDF1421FC36682000C2D5E /* DailyNews */,
				73CDF1571FC36682000C2D5E /* DailyNewsTests */,
				73CDF1621FC36682000C2D5E /* DailyNewsUITests */,
				73CDF1411FC36682000C2D5E /* Products */,
				F440ABAABBA686989EAD323E /* Pods */,
				023AC860D465E6630C15EFCB /* Frameworks */,
			);
			sourceTree = "<group>";
		};
		73CDF1411FC36682000C2D5E /* Products */ = {
			isa = PBXGroup;
			children = (
				73CDF1401FC36682000C2D5E /* DailyNews.app */,
				73CDF1541FC36682000C2D5E /* DailyNewsTests.xctest */,
				73CDF15F1FC36682000C2D5E /* DailyNewsUITests.xctest */,
			);
			name = Products;
			sourceTree = "<group>";
		};
		73CDF1421FC36682000C2D5E /* DailyNews */ = {
			isa = PBXGroup;
			children = (
				73CDF1431FC36682000C2D5E /* AppDelegate.swift */,
				73CDF1711FC3671A000C2D5E /* Controller */,
				73CDF1741FC36970000C2D5E /* View */,
				73CDF1771FC36B2B000C2D5E /* Model */,
				73CDF1471FC36682000C2D5E /* Main.storyboard */,
				73CDF14A1FC36682000C2D5E /* Assets.xcassets */,
				73CDF14C1FC36682000C2D5E /* LaunchScreen.storyboard */,
				73CDF14F1FC36682000C2D5E /* Info.plist */,
			);
			path = DailyNews;
			sourceTree = "<group>";
		};
		73CDF1571FC36682000C2D5E /* DailyNewsTests */ = {
			isa = PBXGroup;
			children = (
				73CDF1581FC36682000C2D5E /* DailyNewsTests.swift */,
				73CDF15A1FC36682000C2D5E /* Info.plist */,
			);
			path = DailyNewsTests;
			sourceTree = "<group>";
		};
		73CDF1621FC36682000C2D5E /* DailyNewsUITests */ = {
			isa = PBXGroup;
			children = (
				73CDF1631FC36682000C2D5E /* DailyNewsUITests.swift */,
				73CDF1651FC36682000C2D5E /* Info.plist */,
			);
			path = DailyNewsUITests;
			sourceTree = "<group>";
		};
		73CDF1711FC3671A000C2D5E /* Controller */ = {
			isa = PBXGroup;
			children = (
				73CDF1451FC36682000C2D5E /* ViewController.swift */,
				73743D6C1FC37C3200127BBA /* DetailViewController.swift */,
			);
			name = Controller;
			sourceTree = "<group>";
		};
		73CDF1741FC36970000C2D5E /* View */ = {
			isa = PBXGroup;
			children = (
				73CDF1721FC3696B000C2D5E /* DailyNewsCell.swift */,
			);
			name = View;
			sourceTree = "<group>";
		};
		73CDF1771FC36B2B000C2D5E /* Model */ = {
			isa = PBXGroup;
			children = (
				73CDF1751FC36B25000C2D5E /* DailyNewsData.swift */,
			);
			name = Model;
			sourceTree = "<group>";
		};
		F440ABAABBA686989EAD323E /* Pods */ = {
			isa = PBXGroup;
			children = (
				7F18B430B087C644D7783E8B /* Pods-DailyNews.debug.xcconfig */,
				9ED5110A8ED606EC73921D7E /* Pods-DailyNews.release.xcconfig */,
				4D94121FBE0A2318CA4FF712 /* Pods-DailyNewsTests.debug.xcconfig */,
				550C7B0731FD73E50E113EA5 /* Pods-DailyNewsTests.release.xcconfig */,
				5BC823AC991A45B344534909 /* Pods-DailyNewsUITests.debug.xcconfig */,
				E5B43AAF3B7B2639FCE219A9 /* Pods-DailyNewsUITests.release.xcconfig */,
			);
			name = Pods;
			sourceTree = "<group>";
		};
/* End PBXGroup section */

/* Begin PBXNativeTarget section */
		73CDF13F1FC36682000C2D5E /* DailyNews */ = {
			isa = PBXNativeTarget;
			buildConfigurationList = 73CDF1681FC36682000C2D5E /* Build configuration list for PBXNativeTarget "DailyNews" */;
			buildPhases = (
				4CEAD71D2B05A5D58B8EE514 /* [CP] Check Pods Manifest.lock */,
				73CDF13C1FC36682000C2D5E /* Sources */,
				73CDF13D1FC36682000C2D5E /* Frameworks */,
				73CDF13E1FC36682000C2D5E /* Resources */,
				A8A34DAF1F465959BE8FF75A /* [CP] Embed Pods Frameworks */,
				EF750796F8D1DD3099E837DF /* [CP] Copy Pods Resources */,
			);
			buildRules = (
			);
			dependencies = (
			);
			name = DailyNews;
			productName = DailyNews;
			productReference = 73CDF1401FC36682000C2D5E /* DailyNews.app */;
			productType = "com.apple.product-type.application";
		};
		73CDF1531FC36682000C2D5E /* DailyNewsTests */ = {
			isa = PBXNativeTarget;
			buildConfigurationList = 73CDF16B1FC36682000C2D5E /* Build configuration list for PBXNativeTarget "DailyNewsTests" */;
			buildPhases = (
				038DF26552ADDC4FC03C813D /* [CP] Check Pods Manifest.lock */,
				73CDF1501FC36682000C2D5E /* Sources */,
				73CDF1511FC36682000C2D5E /* Frameworks */,
				73CDF1521FC36682000C2D5E /* Resources */,
				D847291277EE6F4B9651D99B /* [CP] Embed Pods Frameworks */,
				9C6888428811A595C46A3891 /* [CP] Copy Pods Resources */,
			);
			buildRules = (
			);
			dependencies = (
				73CDF1561FC36682000C2D5E /* PBXTargetDependency */,
			);
			name = DailyNewsTests;
			productName = DailyNewsTests;
			productReference = 73CDF1541FC36682000C2D5E /* DailyNewsTests.xctest */;
			productType = "com.apple.product-type.bundle.unit-test";
		};
		73CDF15E1FC36682000C2D5E /* DailyNewsUITests */ = {
			isa = PBXNativeTarget;
			buildConfigurationList = 73CDF16E1FC36682000C2D5E /* Build configuration list for PBXNativeTarget "DailyNewsUITests" */;
			buildPhases = (
				CCB39FB1B291EA2A9E788A58 /* [CP] Check Pods Manifest.lock */,
				73CDF15B1FC36682000C2D5E /* Sources */,
				73CDF15C1FC36682000C2D5E /* Frameworks */,
				73CDF15D1FC36682000C2D5E /* Resources */,
				7D3586243297791C71FF1F5D /* [CP] Embed Pods Frameworks */,
				754DFBFEC2E8D6ADCCA97B20 /* [CP] Copy Pods Resources */,
			);
			buildRules = (
			);
			dependencies = (
				73CDF1611FC36682000C2D5E /* PBXTargetDependency */,
			);
			name = DailyNewsUITests;
			productName = DailyNewsUITests;
			productReference = 73CDF15F1FC36682000C2D5E /* DailyNewsUITests.xctest */;
			productType = "com.apple.product-type.bundle.ui-testing";
		};
/* End PBXNativeTarget section */

/* Begin PBXProject section */
		73CDF1381FC36682000C2D5E /* Project object */ = {
			isa = PBXProject;
			attributes = {
				LastSwiftUpdateCheck = 0830;
				LastUpgradeCheck = 0830;
				ORGANIZATIONNAME = "Bharan Kothrui";
				TargetAttributes = {
					73CDF13F1FC36682000C2D5E = {
						CreatedOnToolsVersion = 8.3.3;
						ProvisioningStyle = Automatic;
					};
					73CDF1531FC36682000C2D5E = {
						CreatedOnToolsVersion = 8.3.3;
						ProvisioningStyle = Automatic;
						TestTargetID = 73CDF13F1FC36682000C2D5E;
					};
					73CDF15E1FC36682000C2D5E = {
						CreatedOnToolsVersion = 8.3.3;
						ProvisioningStyle = Automatic;
						TestTargetID = 73CDF13F1FC36682000C2D5E;
					};
				};
			};
			buildConfigurationList = 73CDF13B1FC36682000C2D5E /* Build configuration list for PBXProject "DailyNews" */;
			compatibilityVersion = "Xcode 3.2";
			developmentRegion = English;
			hasScannedForEncodings = 0;
			knownRegions = (
				en,
				Base,
			);
			mainGroup = 73CDF1371FC36682000C2D5E;
			productRefGroup = 73CDF1411FC36682000C2D5E /* Products */;
			projectDirPath = "";
			projectRoot = "";
			targets = (
				73CDF13F1FC36682000C2D5E /* DailyNews */,
				73CDF1531FC36682000C2D5E /* DailyNewsTests */,
				73CDF15E1FC36682000C2D5E /* DailyNewsUITests */,
			);
		};
/* End PBXProject section */

/* Begin PBXResourcesBuildPhase section */
		73CDF13E1FC36682000C2D5E /* Resources */ = {
			isa = PBXResourcesBuildPhase;
			buildActionMask = 2147483647;
			files = (
				73CDF14E1FC36682000C2D5E /* LaunchScreen.storyboard in Resources */,
				73CDF14B1FC36682000C2D5E /* Assets.xcassets in Resources */,
				73CDF1491FC36682000C2D5E /* Main.storyboard in Resources */,
			);
			runOnlyForDeploymentPostprocessing = 0;
		};
		73CDF1521FC36682000C2D5E /* Resources */ = {
			isa = PBXResourcesBuildPhase;
			buildActionMask = 2147483647;
			files = (
			);
			runOnlyForDeploymentPostprocessing = 0;
		};
		73CDF15D1FC36682000C2D5E /* Resources */ = {
			isa = PBXResourcesBuildPhase;
			buildActionMask = 2147483647;
			files = (
			);
			runOnlyForDeploymentPostprocessing = 0;
		};
/* End PBXResourcesBuildPhase section */

/* Begin PBXShellScriptBuildPhase section */
		038DF26552ADDC4FC03C813D /* [CP] Check Pods Manifest.lock */ = {
			isa = PBXShellScriptBuildPhase;
			buildActionMask = 2147483647;
			files = (
			);
			inputPaths = (
				"${PODS_PODFILE_DIR_PATH}/Podfile.lock",
				"${PODS_ROOT}/Manifest.lock",
			);
			name = "[CP] Check Pods Manifest.lock";
			outputPaths = (
				"$(DERIVED_FILE_DIR)/Pods-DailyNewsTests-checkManifestLockResult.txt",
			);
			runOnlyForDeploymentPostprocessing = 0;
			shellPath = /bin/sh;
			shellScript = "diff \"${PODS_PODFILE_DIR_PATH}/Podfile.lock\" \"${PODS_ROOT}/Manifest.lock\" > /dev/null\nif [ $? != 0 ] ; then\n    # print error to STDERR\n    echo \"error: The sandbox is not in sync with the Podfile.lock. Run 'pod install' or update your CocoaPods installation.\" >&2\n    exit 1\nfi\n# This output is used by Xcode 'outputs' to avoid re-running this script phase.\necho \"SUCCESS\" > \"${SCRIPT_OUTPUT_FILE_0}\"\n";
			showEnvVarsInLog = 0;
		};
		4CEAD71D2B05A5D58B8EE514 /* [CP] Check Pods Manifest.lock */ = {
			isa = PBXShellScriptBuildPhase;
			buildActionMask = 2147483647;
			files = (
			);
			inputPaths = (
				"${PODS_PODFILE_DIR_PATH}/Podfile.lock",
				"${PODS_ROOT}/Manifest.lock",
			);
			name = "[CP] Check Pods Manifest.lock";
			outputPaths = (
				"$(DERIVED_FILE_DIR)/Pods-DailyNews-checkManifestLockResult.txt",
			);
			runOnlyForDeploymentPostprocessing = 0;
			shellPath = /bin/sh;
			shellScript = "diff \"${PODS_PODFILE_DIR_PATH}/Podfile.lock\" \"${PODS_ROOT}/Manifest.lock\" > /dev/null\nif [ $? != 0 ] ; then\n    # print error to STDERR\n    echo \"error: The sandbox is not in sync with the Podfile.lock. Run 'pod install' or update your CocoaPods installation.\" >&2\n    exit 1\nfi\n# This output is used by Xcode 'outputs' to avoid re-running this script phase.\necho \"SUCCESS\" > \"${SCRIPT_OUTPUT_FILE_0}\"\n";
			showEnvVarsInLog = 0;
		};
		754DFBFEC2E8D6ADCCA97B20 /* [CP] Copy Pods Resources */ = {
			isa = PBXShellScriptBuildPhase;
			buildActionMask = 2147483647;
			files = (
			);
			inputPaths = (
			);
			name = "[CP] Copy Pods Resources";
			outputPaths = (
			);
			runOnlyForDeploymentPostprocessing = 0;
			shellPath = /bin/sh;
			shellScript = "\"${SRCROOT}/Pods/Target Support Files/Pods-DailyNewsUITests/Pods-DailyNewsUITests-resources.sh\"\n";
			showEnvVarsInLog = 0;
		};
		7D3586243297791C71FF1F5D /* [CP] Embed Pods Frameworks */ = {
			isa = PBXShellScriptBuildPhase;
			buildActionMask = 2147483647;
			files = (
			);
			inputPaths = (
			);
			name = "[CP] Embed Pods Frameworks";
			outputPaths = (
			);
			runOnlyForDeploymentPostprocessing = 0;
			shellPath = /bin/sh;
			shellScript = "\"${SRCROOT}/Pods/Target Support Files/Pods-DailyNewsUITests/Pods-DailyNewsUITests-frameworks.sh\"\n";
			showEnvVarsInLog = 0;
		};
		9C6888428811A595C46A3891 /* [CP] Copy Pods Resources */ = {
			isa = PBXShellScriptBuildPhase;
			buildActionMask = 2147483647;
			files = (
			);
			inputPaths = (
			);
			name = "[CP] Copy Pods Resources";
			outputPaths = (
			);
			runOnlyForDeploymentPostprocessing = 0;
			shellPath = /bin/sh;
			shellScript = "\"${SRCROOT}/Pods/Target Support Files/Pods-DailyNewsTests/Pods-DailyNewsTests-resources.sh\"\n";
			showEnvVarsInLog = 0;
		};
		A8A34DAF1F465959BE8FF75A /* [CP] Embed Pods Frameworks */ = {
			isa = PBXShellScriptBuildPhase;
			buildActionMask = 2147483647;
			files = (
			);
			inputPaths = (
				"${SRCROOT}/Pods/Target Support Files/Pods-DailyNews/Pods-DailyNews-frameworks.sh",
				"${BUILT_PRODUCTS_DIR}/Alamofire/Alamofire.framework",
			);
			name = "[CP] Embed Pods Frameworks";
			outputPaths = (
				"${TARGET_BUILD_DIR}/${FRAMEWORKS_FOLDER_PATH}/Alamofire.framework",
			);
			runOnlyForDeploymentPostprocessing = 0;
			shellPath = /bin/sh;
			shellScript = "\"${SRCROOT}/Pods/Target Support Files/Pods-DailyNews/Pods-DailyNews-frameworks.sh\"\n";
			showEnvVarsInLog = 0;
		};
		CCB39FB1B291EA2A9E788A58 /* [CP] Check Pods Manifest.lock */ = {
			isa = PBXShellScriptBuildPhase;
			buildActionMask = 2147483647;
			files = (
			);
			inputPaths = (
				"${PODS_PODFILE_DIR_PATH}/Podfile.lock",
				"${PODS_ROOT}/Manifest.lock",
			);
			name = "[CP] Check Pods Manifest.lock";
			outputPaths = (
				"$(DERIVED_FILE_DIR)/Pods-DailyNewsUITests-checkManifestLockResult.txt",
			);
			runOnlyForDeploymentPostprocessing = 0;
			shellPath = /bin/sh;
			shellScript = "diff \"${PODS_PODFILE_DIR_PATH}/Podfile.lock\" \"${PODS_ROOT}/Manifest.lock\" > /dev/null\nif [ $? != 0 ] ; then\n    # print error to STDERR\n    echo \"error: The sandbox is not in sync with the Podfile.lock. Run 'pod install' or update your CocoaPods installation.\" >&2\n    exit 1\nfi\n# This output is used by Xcode 'outputs' to avoid re-running this script phase.\necho \"SUCCESS\" > \"${SCRIPT_OUTPUT_FILE_0}\"\n";
			showEnvVarsInLog = 0;
		};
		D847291277EE6F4B9651D99B /* [CP] Embed Pods Frameworks */ = {
			isa = PBXShellScriptBuildPhase;
			buildActionMask = 2147483647;
			files = (
			);
			inputPaths = (
			);
			name = "[CP] Embed Pods Frameworks";
			outputPaths = (
			);
			runOnlyForDeploymentPostprocessing = 0;
			shellPath = /bin/sh;
			shellScript = "\"${SRCROOT}/Pods/Target Support Files/Pods-DailyNewsTests/Pods-DailyNewsTests-frameworks.sh\"\n";
			showEnvVarsInLog = 0;
		};
		EF750796F8D1DD3099E837DF /* [CP] Copy Pods Resources */ = {
			isa = PBXShellScriptBuildPhase;
			buildActionMask = 2147483647;
			files = (
			);
			inputPaths = (
			);
			name = "[CP] Copy Pods Resources";
			outputPaths = (
			);
			runOnlyForDeploymentPostprocessing = 0;
			shellPath = /bin/sh;
			shellScript = "\"${SRCROOT}/Pods/Target Support Files/Pods-DailyNews/Pods-DailyNews-resources.sh\"\n";
			showEnvVarsInLog = 0;
		};
/* End PBXShellScriptBuildPhase section */

/* Begin PBXSourcesBuildPhase section */
		73CDF13C1FC36682000C2D5E /* Sources */ = {
			isa = PBXSourcesBuildPhase;
			buildActionMask = 2147483647;
			files = (
				73CDF1761FC36B25000C2D5E /* DailyNewsData.swift in Sources */,
				73CDF1461FC36682000C2D5E /* ViewController.swift in Sources */,
				73743D6D1FC37C3200127BBA /* DetailViewController.swift in Sources */,
				73CDF1441FC36682000C2D5E /* AppDelegate.swift in Sources */,
				73CDF1731FC3696B000C2D5E /* DailyNewsCell.swift in Sources */,
			);
			runOnlyForDeploymentPostprocessing = 0;
		};
		73CDF1501FC36682000C2D5E /* Sources */ = {
			isa = PBXSourcesBuildPhase;
			buildActionMask = 2147483647;
			files = (
				73CDF1591FC36682000C2D5E /* DailyNewsTests.swift in Sources */,
			);
			runOnlyForDeploymentPostprocessing = 0;
		};
		73CDF15B1FC36682000C2D5E /* Sources */ = {
			isa = PBXSourcesBuildPhase;
			buildActionMask = 2147483647;
			files = (
				73CDF1641FC36682000C2D5E /* DailyNewsUITests.swift in Sources */,
			);
			runOnlyForDeploymentPostprocessing = 0;
		};
/* End PBXSourcesBuildPhase section */

/* Begin PBXTargetDependency section */
		73CDF1561FC36682000C2D5E /* PBXTargetDependency */ = {
			isa = PBXTargetDependency;
			target = 73CDF13F1FC36682000C2D5E /* DailyNews */;
			targetProxy = 73CDF1551FC36682000C2D5E /* PBXContainerItemProxy */;
		};
		73CDF1611FC36682000C2D5E /* PBXTargetDependency */ = {
			isa = PBXTargetDependency;
			target = 73CDF13F1FC36682000C2D5E /* DailyNews */;
			targetProxy = 73CDF1601FC36682000C2D5E /* PBXContainerItemProxy */;
		};
/* End PBXTargetDependency section */

/* Begin PBXVariantGroup section */
		73CDF1471FC36682000C2D5E /* Main.storyboard */ = {
			isa = PBXVariantGroup;
			children = (
				73CDF1481FC36682000C2D5E /* Base */,
			);
			name = Main.storyboard;
			sourceTree = "<group>";
		};
		73CDF14C1FC36682000C2D5E /* LaunchScreen.storyboard */ = {
			isa = PBXVariantGroup;
			children = (
				73CDF14D1FC36682000C2D5E /* Base */,
			);
			name = LaunchScreen.storyboard;
			sourceTree = "<group>";
		};
/* End PBXVariantGroup section */

/* Begin XCBuildConfiguration section */
		73CDF1661FC36682000C2D5E /* Debug */ = {
			isa = XCBuildConfiguration;
			buildSettings = {
				ALWAYS_SEARCH_USER_PATHS = NO;
				CLANG_ANALYZER_NONNULL = YES;
				CLANG_ANALYZER_NUMBER_OBJECT_CONVERSION = YES_AGGRESSIVE;
				CLANG_CXX_LANGUAGE_STANDARD = "gnu++0x";
				CLANG_CXX_LIBRARY = "libc++";
				CLANG_ENABLE_MODULES = YES;
				CLANG_ENABLE_OBJC_ARC = YES;
				CLANG_WARN_BOOL_CONVERSION = YES;
				CLANG_WARN_CONSTANT_CONVERSION = YES;
				CLANG_WARN_DIRECT_OBJC_ISA_USAGE = YES_ERROR;
				CLANG_WARN_DOCUMENTATION_COMMENTS = YES;
				CLANG_WARN_EMPTY_BODY = YES;
				CLANG_WARN_ENUM_CONVERSION = YES;
				CLANG_WARN_INFINITE_RECURSION = YES;
				CLANG_WARN_INT_CONVERSION = YES;
				CLANG_WARN_OBJC_ROOT_CLASS = YES_ERROR;
				CLANG_WARN_SUSPICIOUS_MOVE = YES;
				CLANG_WARN_UNREACHABLE_CODE = YES;
				CLANG_WARN__DUPLICATE_METHOD_MATCH = YES;
				"CODE_SIGN_IDENTITY[sdk=iphoneos*]" = "iPhone Developer";
				COPY_PHASE_STRIP = NO;
				DEBUG_INFORMATION_FORMAT = dwarf;
				ENABLE_STRICT_OBJC_MSGSEND = YES;
				ENABLE_TESTABILITY = YES;
				GCC_C_LANGUAGE_STANDARD = gnu99;
				GCC_DYNAMIC_NO_PIC = NO;
				GCC_NO_COMMON_BLOCKS = YES;
				GCC_OPTIMIZATION_LEVEL = 0;
				GCC_PREPROCESSOR_DEFINITIONS = (
					"DEBUG=1",
					"$(inherited)",
				);
				GCC_WARN_64_TO_32_BIT_CONVERSION = YES;
				GCC_WARN_ABOUT_RETURN_TYPE = YES_ERROR;
				GCC_WARN_UNDECLARED_SELECTOR = YES;
				GCC_WARN_UNINITIALIZED_AUTOS = YES_AGGRESSIVE;
				GCC_WARN_UNUSED_FUNCTION = YES;
				GCC_WARN_UNUSED_VARIABLE = YES;
				IPHONEOS_DEPLOYMENT_TARGET = 10.3;
				MTL_ENABLE_DEBUG_INFO = YES;
				ONLY_ACTIVE_ARCH = YES;
				SDKROOT = iphoneos;
				SWIFT_ACTIVE_COMPILATION_CONDITIONS = DEBUG;
				SWIFT_OPTIMIZATION_LEVEL = "-Onone";
				TARGETED_DEVICE_FAMILY = "1,2";
			};
			name = Debug;
		};
		73CDF1671FC36682000C2D5E /* Release */ = {
			isa = XCBuildConfiguration;
			buildSettings = {
				ALWAYS_SEARCH_USER_PATHS = NO;
				CLANG_ANALYZER_NONNULL = YES;
				CLANG_ANALYZER_NUMBER_OBJECT_CONVERSION = YES_AGGRESSIVE;
				CLANG_CXX_LANGUAGE_STANDARD = "gnu++0x";
				CLANG_CXX_LIBRARY = "libc++";
				CLANG_ENABLE_MODULES = YES;
				CLANG_ENABLE_OBJC_ARC = YES;
				CLANG_WARN_BOOL_CONVERSION = YES;
				CLANG_WARN_CONSTANT_CONVERSION = YES;
				CLANG_WARN_DIRECT_OBJC_ISA_USAGE = YES_ERROR;
				CLANG_WARN_DOCUMENTATION_COMMENTS = YES;
				CLANG_WARN_EMPTY_BODY = YES;
				CLANG_WARN_ENUM_CONVERSION = YES;
				CLANG_WARN_INFINITE_RECURSION = YES;
				CLANG_WARN_INT_CONVERSION = YES;
				CLANG_WARN_OBJC_ROOT_CLASS = YES_ERROR;
				CLANG_WARN_SUSPICIOUS_MOVE = YES;
				CLANG_WARN_UNREACHABLE_CODE = YES;
				CLANG_WARN__DUPLICATE_METHOD_MATCH = YES;
				"CODE_SIGN_IDENTITY[sdk=iphoneos*]" = "iPhone Developer";
				COPY_PHASE_STRIP = NO;
				DEBUG_INFORMATION_FORMAT = "dwarf-with-dsym";
				ENABLE_NS_ASSERTIONS = NO;
				ENABLE_STRICT_OBJC_MSGSEND = YES;
				GCC_C_LANGUAGE_STANDARD = gnu99;
				GCC_NO_COMMON_BLOCKS = YES;
				GCC_WARN_64_TO_32_BIT_CONVERSION = YES;
				GCC_WARN_ABOUT_RETURN_TYPE = YES_ERROR;
				GCC_WARN_UNDECLARED_SELECTOR = YES;
				GCC_WARN_UNINITIALIZED_AUTOS = YES_AGGRESSIVE;
				GCC_WARN_UNUSED_FUNCTION = YES;
				GCC_WARN_UNUSED_VARIABLE = YES;
				IPHONEOS_DEPLOYMENT_TARGET = 10.3;
				MTL_ENABLE_DEBUG_INFO = NO;
				SDKROOT = iphoneos;
				SWIFT_OPTIMIZATION_LEVEL = "-Owholemodule";
				TARGETED_DEVICE_FAMILY = "1,2";
				VALIDATE_PRODUCT = YES;
			};
			name = Release;
		};
		73CDF1691FC36682000C2D5E /* Debug */ = {
			isa = XCBuildConfiguration;
			baseConfigurationReference = 7F18B430B087C644D7783E8B /* Pods-DailyNews.debug.xcconfig */;
			buildSettings = {
				ASSETCATALOG_COMPILER_APPICON_NAME = AppIcon;
				INFOPLIST_FILE = DailyNews/Info.plist;
				LD_RUNPATH_SEARCH_PATHS = "$(inherited) @executable_path/Frameworks";
				PRODUCT_BUNDLE_IDENTIFIER = com.learning.DailyNews;
				PRODUCT_NAME = "$(TARGET_NAME)";
				SWIFT_VERSION = 3.0;
			};
			name = Debug;
		};
		73CDF16A1FC36682000C2D5E /* Release */ = {
			isa = XCBuildConfiguration;
			baseConfigurationReference = 9ED5110A8ED606EC73921D7E /* Pods-DailyNews.release.xcconfig */;
			buildSettings = {
				ASSETCATALOG_COMPILER_APPICON_NAME = AppIcon;
				INFOPLIST_FILE = DailyNews/Info.plist;
				LD_RUNPATH_SEARCH_PATHS = "$(inherited) @executable_path/Frameworks";
				PRODUCT_BUNDLE_IDENTIFIER = com.learning.DailyNews;
				PRODUCT_NAME = "$(TARGET_NAME)";
				SWIFT_VERSION = 3.0;
			};
			name = Release;
		};
		73CDF16C1FC36682000C2D5E /* Debug */ = {
			isa = XCBuildConfiguration;
			baseConfigurationReference = 4D94121FBE0A2318CA4FF712 /* Pods-DailyNewsTests.debug.xcconfig */;
			buildSettings = {
				ALWAYS_EMBED_SWIFT_STANDARD_LIBRARIES = YES;
				BUNDLE_LOADER = "$(TEST_HOST)";
				INFOPLIST_FILE = DailyNewsTests/Info.plist;
				LD_RUNPATH_SEARCH_PATHS = "$(inherited) @executable_path/Frameworks @loader_path/Frameworks";
				PRODUCT_BUNDLE_IDENTIFIER = com.learning.DailyNewsTests;
				PRODUCT_NAME = "$(TARGET_NAME)";
				SWIFT_VERSION = 3.0;
				TEST_HOST = "$(BUILT_PRODUCTS_DIR)/DailyNews.app/DailyNews";
			};
			name = Debug;
		};
		73CDF16D1FC36682000C2D5E /* Release */ = {
			isa = XCBuildConfiguration;
			baseConfigurationReference = 550C7B0731FD73E50E113EA5 /* Pods-DailyNewsTests.release.xcconfig */;
			buildSettings = {
				ALWAYS_EMBED_SWIFT_STANDARD_LIBRARIES = YES;
				BUNDLE_LOADER = "$(TEST_HOST)";
				INFOPLIST_FILE = DailyNewsTests/Info.plist;
				LD_RUNPATH_SEARCH_PATHS = "$(inherited) @executable_path/Frameworks @loader_path/Frameworks";
				PRODUCT_BUNDLE_IDENTIFIER = com.learning.DailyNewsTests;
				PRODUCT_NAME = "$(TARGET_NAME)";
				SWIFT_VERSION = 3.0;
				TEST_HOST = "$(BUILT_PRODUCTS_DIR)/DailyNews.app/DailyNews";
			};
			name = Release;
		};
		73CDF16F1FC36682000C2D5E /* Debug */ = {
			isa = XCBuildConfiguration;
			baseConfigurationReference = 5BC823AC991A45B344534909 /* Pods-DailyNewsUITests.debug.xcconfig */;
			buildSettings = {
				ALWAYS_EMBED_SWIFT_STANDARD_LIBRARIES = YES;
				INFOPLIST_FILE = DailyNewsUITests/Info.plist;
				LD_RUNPATH_SEARCH_PATHS = "$(inherited) @executable_path/Frameworks @loader_path/Frameworks";
				PRODUCT_BUNDLE_IDENTIFIER = com.learning.DailyNewsUITests;
				PRODUCT_NAME = "$(TARGET_NAME)";
				SWIFT_VERSION = 3.0;
				TEST_TARGET_NAME = DailyNews;
			};
			name = Debug;
		};
		73CDF1701FC36682000C2D5E /* Release */ = {
			isa = XCBuildConfiguration;
			baseConfigurationReference = E5B43AAF3B7B2639FCE219A9 /* Pods-DailyNewsUITests.release.xcconfig */;
			buildSettings = {
				ALWAYS_EMBED_SWIFT_STANDARD_LIBRARIES = YES;
				INFOPLIST_FILE = DailyNewsUITests/Info.plist;
				LD_RUNPATH_SEARCH_PATHS = "$(inherited) @executable_path/Frameworks @loader_path/Frameworks";
				PRODUCT_BUNDLE_IDENTIFIER = com.learning.DailyNewsUITests;
				PRODUCT_NAME = "$(TARGET_NAME)";
				SWIFT_VERSION = 3.0;
				TEST_TARGET_NAME = DailyNews;
			};
			name = Release;
		};
/* End XCBuildConfiguration section */

/* Begin XCConfigurationList section */
		73CDF13B1FC36682000C2D5E /* Build configuration list for PBXProject "DailyNews" */ = {
			isa = XCConfigurationList;
			buildConfigurations = (
				73CDF1661FC36682000C2D5E /* Debug */,
				73CDF1671FC36682000C2D5E /* Release */,
			);
			defaultConfigurationIsVisible = 0;
			defaultConfigurationName = Release;
		};
		73CDF1681FC36682000C2D5E /* Build configuration list for PBXNativeTarget "DailyNews" */ = {
			isa = XCConfigurationList;
			buildConfigurations = (
				73CDF1691FC36682000C2D5E /* Debug */,
				73CDF16A1FC36682000C2D5E /* Release */,
			);
			defaultConfigurationIsVisible = 0;
			defaultConfigurationName = Release;
		};
		73CDF16B1FC36682000C2D5E /* Build configuration list for PBXNativeTarget "DailyNewsTests" */ = {
			isa = XCConfigurationList;
			buildConfigurations = (
				73CDF16C1FC36682000C2D5E /* Debug */,
				73CDF16D1FC36682000C2D5E /* Release */,
			);
			defaultConfigurationIsVisible = 0;
			defaultConfigurationName = Release;
		};
		73CDF16E1FC36682000C2D5E /* Build configuration list for PBXNativeTarget "DailyNewsUITests" */ = {
			isa = XCConfigurationList;
			buildConfigurations = (
				73CDF16F1FC36682000C2D5E /* Debug */,
				73CDF1701FC36682000C2D5E /* Release */,
			);
			defaultConfigurationIsVisible = 0;
			defaultConfigurationName = Release;
		};
/* End XCConfigurationList section */
	};
	rootObject = 73CDF1381FC36682000C2D5E /* Project object */;
}
